
Microsoft Visual Studio Solution File, Format Version 12.00
# Visual Studio Version 17
VisualStudioVersion = 17.4.33110.190
MinimumVisualStudioVersion = 10.0.40219.1
Project("{9A19103F-16F7-4668-BE54-9A1E7A4F7556}") = "TrackerLibrary", "TrackerLibrary\TrackerLibrary.csproj", "{D64532D3-4CFD-4A8C-A55C-7F0D3FC39A20}"
EndProject
Project("{FAE04EC0-301F-11D3-BF4B-00C04F79EFBC}") = "TrackerUI", "TrackerUI\TrackerUI.csproj", "{1EDA4A6D-43FD-4646-AAC4-F8F243112F71}"
EndProject
Global
	GlobalSection(SolutionConfigurationPlatforms) = preSolution
		Debug|Any CPU = Debug|Any CPU
		Release|Any CPU = Release|Any CPU
	EndGlobalSection
	GlobalSection(ProjectConfigurationPlatforms) = postSolution
		{D64532D3-4CFD-4A8C-A55C-7F0D3FC39A20}.Debug|Any CPU.ActiveCfg = Debug|Any CPU
		{D64532D3-4CFD-4A8C-A55C-7F0D3FC39A20}.Debug|Any CPU.Build.0 = Debug|Any CPU
		{D64532D3-4CFD-4A8C-A55C-7F0D3FC39A20}.Release|Any CPU.ActiveCfg = Release|Any CPU
		{D64532D3-4CFD-4A8C-A55C-7F0D3FC39A20}.Release|Any CPU.Build.0 = Release|Any CPU
		{1EDA4A6D-43FD-4646-AAC4-F8F243112F71}.Debug|Any CPU.ActiveCfg = Debug|Any CPU
		{1EDA4A6D-43FD-4646-AAC4-F8F243112F71}.Debug|Any CPU.Build.0 = Debug|Any CPU
		{1EDA4A6D-43FD-4646-AAC4-F8F243112F71}.Release|Any CPU.ActiveCfg = Release|Any CPU
		{1EDA4A6D-43FD-4646-AAC4-F8F243112F71}.Release|Any CPU.Build.0 = Release|Any CPU
	EndGlobalSection
	GlobalSection(SolutionProperties) = preSolution
		HideSolutionNode = FALSE
	EndGlobalSection
	GlobalSection(ExtensibilityGlobals) = postSolution
		SolutionGuid = {915B6150-37D1-4025-8F71-2BE941742AF4}
	EndGlobalSection
EndGlobal
